
Microsoft Visual Studio Solution File, Format Version 12.00
# Visual Studio 15
VisualStudioVersion = 15.0.26730.16
MinimumVisualStudioVersion = 10.0.40219.1
Project("{FAE04EC0-301F-11D3-BF4B-00C04F79EFBC}") = "HomeTask", "HomeTask.csproj", "{1BD00A4B-9D5C-495F-9C99-A6F587EC0053}"
EndProject
Project("{FAE04EC0-301F-11D3-BF4B-00C04F79EFBC}") = "HomeTask.Tests", "..\HomeTask.Tests\HomeTask.Tests.csproj", "{E7AC3388-6FE3-4965-A552-7F30B177AF7B}"
EndProject
Global
	GlobalSection(SolutionConfigurationPlatforms) = preSolution
		Debug|Any CPU = Debug|Any CPU
		Release|Any CPU = Release|Any CPU
	EndGlobalSection
	GlobalSection(ProjectConfigurationPlatforms) = postSolution
		{1BD00A4B-9D5C-495F-9C99-A6F587EC0053}.Debug|Any CPU.ActiveCfg = Debug|Any CPU
		{1BD00A4B-9D5C-495F-9C99-A6F587EC0053}.Debug|Any CPU.Build.0 = Debug|Any CPU
		{1BD00A4B-9D5C-495F-9C99-A6F587EC0053}.Release|Any CPU.ActiveCfg = Release|Any CPU
		{1BD00A4B-9D5C-495F-9C99-A6F587EC0053}.Release|Any CPU.Build.0 = Release|Any CPU
		{E7AC3388-6FE3-4965-A552-7F30B177AF7B}.Debug|Any CPU.ActiveCfg = Debug|Any CPU
		{E7AC3388-6FE3-4965-A552-7F30B177AF7B}.Debug|Any CPU.Build.0 = Debug|Any CPU
		{E7AC3388-6FE3-4965-A552-7F30B177AF7B}.Release|Any CPU.ActiveCfg = Release|Any CPU
		{E7AC3388-6FE3-4965-A552-7F30B177AF7B}.Release|Any CPU.Build.0 = Release|Any CPU
	EndGlobalSection
	GlobalSection(SolutionProperties) = preSolution
		HideSolutionNode = FALSE
	EndGlobalSection
	GlobalSection(ExtensibilityGlobals) = postSolution
		SolutionGuid = {A7C56C9F-5909-411D-B70B-9BA515DC64A6}
	EndGlobalSection
EndGlobal
